
Microsoft Visual Studio Solution File, Format Version 12.00
# Visual Studio Version 17
VisualStudioVersion = 17.8.34212.112
MinimumVisualStudioVersion = 10.0.40219.1
Project("{FAE04EC0-301F-11D3-BF4B-00C04F79EFBC}") = "UncreatedWarfare", "UncreatedWarfare\UncreatedWarfare.csproj", "{08939395-9D47-4DEF-A50E-E578341235E3}"
EndProject
Project("{2150E333-8FDC-42A3-9474-1A3956D46DE8}") = "Solution Items", "Solution Items", "{3E6DEFAF-8040-4197-861E-334903AAF534}"
	ProjectSection(SolutionItems) = preProject
		.gitignore = .gitignore
	EndProjectSection
EndProject
Global
	GlobalSection(SolutionConfigurationPlatforms) = preSolution
		Debug|Any CPU = Debug|Any CPU
		Release|Any CPU = Release|Any CPU
	EndGlobalSection
	GlobalSection(ProjectConfigurationPlatforms) = postSolution
		{08939395-9D47-4DEF-A50E-E578341235E3}.Debug|Any CPU.ActiveCfg = Debug|Any CPU
		{08939395-9D47-4DEF-A50E-E578341235E3}.Debug|Any CPU.Build.0 = Debug|Any CPU
		{08939395-9D47-4DEF-A50E-E578341235E3}.Release|Any CPU.ActiveCfg = Release|Any CPU
		{08939395-9D47-4DEF-A50E-E578341235E3}.Release|Any CPU.Build.0 = Release|Any CPU
	EndGlobalSection
	GlobalSection(SolutionProperties) = preSolution
		HideSolutionNode = FALSE
	EndGlobalSection
	GlobalSection(ExtensibilityGlobals) = postSolution
		SolutionGuid = {6374CC85-F70C-410A-98D4-37A7960B6C53}
	EndGlobalSection
EndGlobal
