
Microsoft Visual Studio Solution File, Format Version 12.00
# Visual Studio Version 17
VisualStudioVersion = 17.4.33020.496
MinimumVisualStudioVersion = 10.0.40219.1
Project("{9A19103F-16F7-4668-BE54-9A1E7A4F7556}") = "UncreatedWarfare", "UncreatedWarfare\UncreatedWarfare.csproj", "{D152471B-6551-476C-9C44-063D6D803FCC}"
EndProject
Project("{2150E333-8FDC-42A3-9474-1A3956D46DE8}") = "Solution Items", "Solution Items", "{8062F4B6-CF10-4BFC-AAE1-F633B0AD45CE}"
	ProjectSection(SolutionItems) = preProject
		.gitignore = .gitignore
		netcalls.xlsx = netcalls.xlsx
	EndProjectSection
EndProject
Project("{911E67C6-3D85-4FCE-B560-20A9C3E3FF48}") = "Unturned", "C:\SteamCMD\steamapps\common\U3DS\Unturned.exe", "{9701D4BC-4033-469E-B9B6-E00D2B4AF150}"
	ProjectSection(DebuggerProjectSystem) = preProject
		PortSupplier = 00000000-0000-0000-0000-000000000000
		Executable = C:\SteamCMD\steamapps\common\U3DS\Unturned.exe
		RemoteMachine = 
		StartingDirectory = C:\SteamCMD\steamapps\common\U3DS
		Arguments = -batchmode -nographics +insecureserver/UncreatedSeason4
		Environment = Default
		LaunchingEngine = 00000000-0000-0000-0000-000000000000
		UseLegacyDebugEngines = No
		LaunchSQLEngine = No
		AttachLaunchAction = No
		IORedirection = Disable
	EndProjectSection
EndProject
Project("{FAE04EC0-301F-11D3-BF4B-00C04F79EFBC}") = "UncreatedWarfare.Tests", "UncreatedWarfare.Tests\UncreatedWarfare.Tests.csproj", "{980C6C25-AD28-456D-9D8E-9F48E530BC77}"
EndProject
Global
	GlobalSection(SolutionConfigurationPlatforms) = preSolution
		Debug|Any CPU = Debug|Any CPU
		Debug|ARM = Debug|ARM
		Debug|ARM64 = Debug|ARM64
		Debug|x64 = Debug|x64
		Debug|x86 = Debug|x86
		Release|Any CPU = Release|Any CPU
		Release|ARM = Release|ARM
		Release|ARM64 = Release|ARM64
		Release|x64 = Release|x64
		Release|x86 = Release|x86
	EndGlobalSection
	GlobalSection(ProjectConfigurationPlatforms) = postSolution
		{D152471B-6551-476C-9C44-063D6D803FCC}.Debug|Any CPU.ActiveCfg = Debug|Any CPU
		{D152471B-6551-476C-9C44-063D6D803FCC}.Debug|Any CPU.Build.0 = Debug|Any CPU
		{D152471B-6551-476C-9C44-063D6D803FCC}.Debug|ARM.ActiveCfg = Debug|Any CPU
		{D152471B-6551-476C-9C44-063D6D803FCC}.Debug|ARM.Build.0 = Debug|Any CPU
		{D152471B-6551-476C-9C44-063D6D803FCC}.Debug|ARM64.ActiveCfg = Debug|Any CPU
		{D152471B-6551-476C-9C44-063D6D803FCC}.Debug|ARM64.Build.0 = Debug|Any CPU
		{D152471B-6551-476C-9C44-063D6D803FCC}.Debug|x64.ActiveCfg = Debug|Any CPU
		{D152471B-6551-476C-9C44-063D6D803FCC}.Debug|x64.Build.0 = Debug|Any CPU
		{D152471B-6551-476C-9C44-063D6D803FCC}.Debug|x86.ActiveCfg = Debug|Any CPU
		{D152471B-6551-476C-9C44-063D6D803FCC}.Debug|x86.Build.0 = Debug|Any CPU
		{D152471B-6551-476C-9C44-063D6D803FCC}.Release|Any CPU.ActiveCfg = Release|Any CPU
		{D152471B-6551-476C-9C44-063D6D803FCC}.Release|Any CPU.Build.0 = Release|Any CPU
		{D152471B-6551-476C-9C44-063D6D803FCC}.Release|ARM.ActiveCfg = Release|Any CPU
		{D152471B-6551-476C-9C44-063D6D803FCC}.Release|ARM.Build.0 = Release|Any CPU
		{D152471B-6551-476C-9C44-063D6D803FCC}.Release|ARM64.ActiveCfg = Release|Any CPU
		{D152471B-6551-476C-9C44-063D6D803FCC}.Release|ARM64.Build.0 = Release|Any CPU
		{D152471B-6551-476C-9C44-063D6D803FCC}.Release|x64.ActiveCfg = Release|Any CPU
		{D152471B-6551-476C-9C44-063D6D803FCC}.Release|x64.Build.0 = Release|Any CPU
		{D152471B-6551-476C-9C44-063D6D803FCC}.Release|x86.ActiveCfg = Release|Any CPU
		{D152471B-6551-476C-9C44-063D6D803FCC}.Release|x86.Build.0 = Release|Any CPU
		{9701D4BC-4033-469E-B9B6-E00D2B4AF150}.Debug|Any CPU.ActiveCfg = Release|x64
		{9701D4BC-4033-469E-B9B6-E00D2B4AF150}.Debug|ARM.ActiveCfg = Release|x64
		{9701D4BC-4033-469E-B9B6-E00D2B4AF150}.Debug|ARM64.ActiveCfg = Release|x64
		{9701D4BC-4033-469E-B9B6-E00D2B4AF150}.Debug|x64.ActiveCfg = Release|x64
		{9701D4BC-4033-469E-B9B6-E00D2B4AF150}.Debug|x86.ActiveCfg = Release|x64
		{9701D4BC-4033-469E-B9B6-E00D2B4AF150}.Release|Any CPU.ActiveCfg = Release|x64
		{9701D4BC-4033-469E-B9B6-E00D2B4AF150}.Release|ARM.ActiveCfg = Release|x64
		{9701D4BC-4033-469E-B9B6-E00D2B4AF150}.Release|ARM64.ActiveCfg = Release|x64
		{9701D4BC-4033-469E-B9B6-E00D2B4AF150}.Release|x64.ActiveCfg = Release|x64
		{9701D4BC-4033-469E-B9B6-E00D2B4AF150}.Release|x86.ActiveCfg = Release|x64
		{980C6C25-AD28-456D-9D8E-9F48E530BC77}.Debug|Any CPU.ActiveCfg = Debug|Any CPU
		{980C6C25-AD28-456D-9D8E-9F48E530BC77}.Debug|Any CPU.Build.0 = Debug|Any CPU
		{980C6C25-AD28-456D-9D8E-9F48E530BC77}.Debug|ARM.ActiveCfg = Debug|Any CPU
		{980C6C25-AD28-456D-9D8E-9F48E530BC77}.Debug|ARM.Build.0 = Debug|Any CPU
		{980C6C25-AD28-456D-9D8E-9F48E530BC77}.Debug|ARM64.ActiveCfg = Debug|Any CPU
		{980C6C25-AD28-456D-9D8E-9F48E530BC77}.Debug|ARM64.Build.0 = Debug|Any CPU
		{980C6C25-AD28-456D-9D8E-9F48E530BC77}.Debug|x64.ActiveCfg = Debug|Any CPU
		{980C6C25-AD28-456D-9D8E-9F48E530BC77}.Debug|x64.Build.0 = Debug|Any CPU
		{980C6C25-AD28-456D-9D8E-9F48E530BC77}.Debug|x86.ActiveCfg = Debug|Any CPU
		{980C6C25-AD28-456D-9D8E-9F48E530BC77}.Debug|x86.Build.0 = Debug|Any CPU
		{980C6C25-AD28-456D-9D8E-9F48E530BC77}.Release|Any CPU.ActiveCfg = Release|Any CPU
		{980C6C25-AD28-456D-9D8E-9F48E530BC77}.Release|Any CPU.Build.0 = Release|Any CPU
		{980C6C25-AD28-456D-9D8E-9F48E530BC77}.Release|ARM.ActiveCfg = Release|Any CPU
		{980C6C25-AD28-456D-9D8E-9F48E530BC77}.Release|ARM.Build.0 = Release|Any CPU
		{980C6C25-AD28-456D-9D8E-9F48E530BC77}.Release|ARM64.ActiveCfg = Release|Any CPU
		{980C6C25-AD28-456D-9D8E-9F48E530BC77}.Release|ARM64.Build.0 = Release|Any CPU
		{980C6C25-AD28-456D-9D8E-9F48E530BC77}.Release|x64.ActiveCfg = Release|Any CPU
		{980C6C25-AD28-456D-9D8E-9F48E530BC77}.Release|x64.Build.0 = Release|Any CPU
		{980C6C25-AD28-456D-9D8E-9F48E530BC77}.Release|x86.ActiveCfg = Release|Any CPU
		{980C6C25-AD28-456D-9D8E-9F48E530BC77}.Release|x86.Build.0 = Release|Any CPU
	EndGlobalSection
	GlobalSection(SolutionProperties) = preSolution
		HideSolutionNode = FALSE
	EndGlobalSection
	GlobalSection(ExtensibilityGlobals) = postSolution
		SolutionGuid = {3F0FF96F-F7E2-40DB-B06B-6AE77C0AA282}
	EndGlobalSection
EndGlobal
